
Microsoft Visual Studio Solution File, Format Version 12.00
# Visual Studio Version 17
VisualStudioVersion = 17.3.32922.545
MinimumVisualStudioVersion = 10.0.40219.1
Project("{FAE04EC0-301F-11D3-BF4B-00C04F79EFBC}") = "MicroServicios", "MicroServicios.csproj", "{4FF740BB-BB51-4FCF-9CB9-217A698BBF09}"
EndProject
Global
	GlobalSection(SolutionConfigurationPlatforms) = preSolution
		Debug|Any CPU = Debug|Any CPU
		Release|Any CPU = Release|Any CPU
	EndGlobalSection
	GlobalSection(ProjectConfigurationPlatforms) = postSolution
		{4FF740BB-BB51-4FCF-9CB9-217A698BBF09}.Debug|Any CPU.ActiveCfg = Debug|Any CPU
		{4FF740BB-BB51-4FCF-9CB9-217A698BBF09}.Debug|Any CPU.Build.0 = Debug|Any CPU
		{4FF740BB-BB51-4FCF-9CB9-217A698BBF09}.Release|Any CPU.ActiveCfg = Release|Any CPU
		{4FF740BB-BB51-4FCF-9CB9-217A698BBF09}.Release|Any CPU.Build.0 = Release|Any CPU
	EndGlobalSection
	GlobalSection(SolutionProperties) = preSolution
		HideSolutionNode = FALSE
	EndGlobalSection
	GlobalSection(ExtensibilityGlobals) = postSolution
		SolutionGuid = {BBA448E3-A202-4F09-9C17-0BBE8A93A740}
	EndGlobalSection
EndGlobal
